
Microsoft Visual Studio Solution File, Format Version 12.00
# Visual Studio Version 17
VisualStudioVersion = 17.3.32825.248
MinimumVisualStudioVersion = 10.0.40219.1
Project("{FAE04EC0-301F-11D3-BF4B-00C04F79EFBC}") = "Life Manager", "Life Manager.csproj", "{2C8A0192-9E9A-4207-AD98-087AC7653455}"
EndProject
Global
	GlobalSection(SolutionConfigurationPlatforms) = preSolution
		Debug|Any CPU = Debug|Any CPU
		Release|Any CPU = Release|Any CPU
	EndGlobalSection
	GlobalSection(ProjectConfigurationPlatforms) = postSolution
		{2C8A0192-9E9A-4207-AD98-087AC7653455}.Debug|Any CPU.ActiveCfg = Debug|Any CPU
		{2C8A0192-9E9A-4207-AD98-087AC7653455}.Debug|Any CPU.Build.0 = Debug|Any CPU
		{2C8A0192-9E9A-4207-AD98-087AC7653455}.Release|Any CPU.ActiveCfg = Release|Any CPU
		{2C8A0192-9E9A-4207-AD98-087AC7653455}.Release|Any CPU.Build.0 = Release|Any CPU
	EndGlobalSection
	GlobalSection(SolutionProperties) = preSolution
		HideSolutionNode = FALSE
	EndGlobalSection
	GlobalSection(ExtensibilityGlobals) = postSolution
		SolutionGuid = {954A93A2-8484-43B2-964C-C549D12612A7}
	EndGlobalSection
EndGlobal
